// !$*UTF8*$!
{
	archiveVersion = 1;
	classes = {
	};
	objectVersion = 46;
	objects = {

/* Begin PBXBuildFile section */
		726835762041CA4D009DEE7A /* motiontrack.cpp in Sources */ = {isa = PBXBuildFile; fileRef = 726835742041CA4D009DEE7A /* motiontrack.cpp */; };
		72A0B337203F2F2200D16FAB /* main.cpp in Sources */ = {isa = PBXBuildFile; fileRef = 72A0B336203F2F2200D16FAB /* main.cpp */; };
		72B1B10B2048FDC800AA39FA /* kalman.cpp in Sources */ = {isa = PBXBuildFile; fileRef = 72B1B1092048FDC800AA39FA /* kalman.cpp */; };
/* End PBXBuildFile section */

/* Begin PBXCopyFilesBuildPhase section */
		72A0B331203F2F2200D16FAB /* CopyFiles */ = {
			isa = PBXCopyFilesBuildPhase;
			buildActionMask = 2147483647;
			dstPath = /usr/share/man/man1/;
			dstSubfolderSpec = 0;
			files = (
			);
			runOnlyForDeploymentPostprocessing = 1;
		};
/* End PBXCopyFilesBuildPhase section */

/* Begin PBXFileReference section */
		726835742041CA4D009DEE7A /* motiontrack.cpp */ = {isa = PBXFileReference; fileEncoding = 4; lastKnownFileType = sourcecode.cpp.cpp; path = motiontrack.cpp; sourceTree = "<group>"; };
		726835752041CA4D009DEE7A /* motiontrack.hpp */ = {isa = PBXFileReference; fileEncoding = 4; lastKnownFileType = sourcecode.cpp.h; path = motiontrack.hpp; sourceTree = "<group>"; };
		72A0B333203F2F2200D16FAB /* Motion Tracking */ = {isa = PBXFileReference; explicitFileType = "compiled.mach-o.executable"; includeInIndex = 0; path = "Motion Tracking"; sourceTree = BUILT_PRODUCTS_DIR; };
		72A0B336203F2F2200D16FAB /* main.cpp */ = {isa = PBXFileReference; lastKnownFileType = sourcecode.cpp.cpp; path = main.cpp; sourceTree = "<group>"; };
		72B1B1092048FDC800AA39FA /* kalman.cpp */ = {isa = PBXFileReference; fileEncoding = 4; lastKnownFileType = sourcecode.cpp.cpp; path = kalman.cpp; sourceTree = "<group>"; };
		72B1B10A2048FDC800AA39FA /* kalman.hpp */ = {isa = PBXFileReference; fileEncoding = 4; lastKnownFileType = sourcecode.cpp.h; path = kalman.hpp; sourceTree = "<group>"; };
/* End PBXFileReference section */

/* Begin PBXFrameworksBuildPhase section */
		72A0B330203F2F2200D16FAB /* Frameworks */ = {
			isa = PBXFrameworksBuildPhase;
			buildActionMask = 2147483647;
			files = (
			);
			runOnlyForDeploymentPostprocessing = 0;
		};
/* End PBXFrameworksBuildPhase section */

/* Begin PBXGroup section */
		72A0B32A203F2F2200D16FAB = {
			isa = PBXGroup;
			children = (
				72A0B335203F2F2200D16FAB /* Motion Tracking */,
				72A0B334203F2F2200D16FAB /* Products */,
			);
			sourceTree = "<group>";
		};
		72A0B334203F2F2200D16FAB /* Products */ = {
			isa = PBXGroup;
			children = (
				72A0B333203F2F2200D16FAB /* Motion Tracking */,
			);
			name = Products;
			sourceTree = "<group>";
		};
		72A0B335203F2F2200D16FAB /* Motion Tracking */ = {
			isa = PBXGroup;
			children = (
				72B1B1092048FDC800AA39FA /* kalman.cpp */,
				72B1B10A2048FDC800AA39FA /* kalman.hpp */,
				72A0B336203F2F2200D16FAB /* main.cpp */,
				726835742041CA4D009DEE7A /* motiontrack.cpp */,
				726835752041CA4D009DEE7A /* motiontrack.hpp */,
			);
			path = "Motion Tracking";
			sourceTree = "<group>";
		};
/* End PBXGroup section */

/* Begin PBXNativeTarget section */
		72A0B332203F2F2200D16FAB /* Motion Tracking */ = {
			isa = PBXNativeTarget;
			buildConfigurationList = 72A0B33A203F2F2200D16FAB /* Build configuration list for PBXNativeTarget "Motion Tracking" */;
			buildPhases = (
				72A0B32F203F2F2200D16FAB /* Sources */,
				72A0B330203F2F2200D16FAB /* Frameworks */,
				72A0B331203F2F2200D16FAB /* CopyFiles */,
			);
			buildRules = (
			);
			dependencies = (
			);
			name = "Motion Tracking";
			productName = "Motion Tracking";
			productReference = 72A0B333203F2F2200D16FAB /* Motion Tracking */;
			productType = "com.apple.product-type.tool";
		};
/* End PBXNativeTarget section */

/* Begin PBXProject section */
		72A0B32B203F2F2200D16FAB /* Project object */ = {
			isa = PBXProject;
			attributes = {
				LastUpgradeCheck = 0830;
				ORGANIZATIONNAME = "Allen Tang";
				TargetAttributes = {
					72A0B332203F2F2200D16FAB = {
						CreatedOnToolsVersion = 8.3.3;
						ProvisioningStyle = Automatic;
					};
				};
			};
			buildConfigurationList = 72A0B32E203F2F2200D16FAB /* Build configuration list for PBXProject "Motion Tracking" */;
			compatibilityVersion = "Xcode 3.2";
			developmentRegion = English;
			hasScannedForEncodings = 0;
			knownRegions = (
				en,
			);
			mainGroup = 72A0B32A203F2F2200D16FAB;
			productRefGroup = 72A0B334203F2F2200D16FAB /* Products */;
			projectDirPath = "";
			projectRoot = "";
			targets = (
				72A0B332203F2F2200D16FAB /* Motion Tracking */,
			);
		};
/* End PBXProject section */

/* Begin PBXSourcesBuildPhase section */
		72A0B32F203F2F2200D16FAB /* Sources */ = {
			isa = PBXSourcesBuildPhase;
			buildActionMask = 2147483647;
			files = (
				72A0B337203F2F2200D16FAB /* main.cpp in Sources */,
				726835762041CA4D009DEE7A /* motiontrack.cpp in Sources */,
				72B1B10B2048FDC800AA39FA /* kalman.cpp in Sources */,
			);
			runOnlyForDeploymentPostprocessing = 0;
		};
/* End PBXSourcesBuildPhase section */

/* Begin XCBuildConfiguration section */
		72A0B338203F2F2200D16FAB /* Debug */ = {
			isa = XCBuildConfiguration;
			buildSettings = {
				ALWAYS_SEARCH_USER_PATHS = NO;
				CLANG_ANALYZER_NONNULL = YES;
				CLANG_ANALYZER_NUMBER_OBJECT_CONVERSION = YES_AGGRESSIVE;
				CLANG_CXX_LANGUAGE_STANDARD = "gnu++0x";
				CLANG_CXX_LIBRARY = "libc++";
				CLANG_ENABLE_MODULES = YES;
				CLANG_ENABLE_OBJC_ARC = YES;
				CLANG_WARN_BOOL_CONVERSION = YES;
				CLANG_WARN_CONSTANT_CONVERSION = YES;
				CLANG_WARN_DIRECT_OBJC_ISA_USAGE = YES_ERROR;
				CLANG_WARN_DOCUMENTATION_COMMENTS = YES;
				CLANG_WARN_EMPTY_BODY = YES;
				CLANG_WARN_ENUM_CONVERSION = YES;
				CLANG_WARN_INFINITE_RECURSION = YES;
				CLANG_WARN_INT_CONVERSION = YES;
				CLANG_WARN_OBJC_ROOT_CLASS = YES_ERROR;
				CLANG_WARN_SUSPICIOUS_MOVE = YES;
				CLANG_WARN_UNREACHABLE_CODE = YES;
				CLANG_WARN__DUPLICATE_METHOD_MATCH = YES;
				CODE_SIGN_IDENTITY = "-";
				COPY_PHASE_STRIP = NO;
				DEBUG_INFORMATION_FORMAT = dwarf;
				ENABLE_STRICT_OBJC_MSGSEND = YES;
				ENABLE_TESTABILITY = YES;
				GCC_C_LANGUAGE_STANDARD = gnu99;
				GCC_DYNAMIC_NO_PIC = NO;
				GCC_NO_COMMON_BLOCKS = YES;
				GCC_OPTIMIZATION_LEVEL = 0;
				GCC_PREPROCESSOR_DEFINITIONS = (
					"DEBUG=1",
					"$(inherited)",
				);
				GCC_WARN_64_TO_32_BIT_CONVERSION = YES;
				GCC_WARN_ABOUT_RETURN_TYPE = YES_ERROR;
				GCC_WARN_UNDECLARED_SELECTOR = YES;
				GCC_WARN_UNINITIALIZED_AUTOS = YES_AGGRESSIVE;
				GCC_WARN_UNUSED_FUNCTION = YES;
				GCC_WARN_UNUSED_VARIABLE = YES;
				MACOSX_DEPLOYMENT_TARGET = 10.12;
				MTL_ENABLE_DEBUG_INFO = YES;
				ONLY_ACTIVE_ARCH = YES;
				SDKROOT = macosx;
			};
			name = Debug;
		};
		72A0B339203F2F2200D16FAB /* Release */ = {
			isa = XCBuildConfiguration;
			buildSettings = {
				ALWAYS_SEARCH_USER_PATHS = NO;
				CLANG_ANALYZER_NONNULL = YES;
				CLANG_ANALYZER_NUMBER_OBJECT_CONVERSION = YES_AGGRESSIVE;
				CLANG_CXX_LANGUAGE_STANDARD = "gnu++0x";
				CLANG_CXX_LIBRARY = "libc++";
				CLANG_ENABLE_MODULES = YES;
				CLANG_ENABLE_OBJC_ARC = YES;
				CLANG_WARN_BOOL_CONVERSION = YES;
				CLANG_WARN_CONSTANT_CONVERSION = YES;
				CLANG_WARN_DIRECT_OBJC_ISA_USAGE = YES_ERROR;
				CLANG_WARN_DOCUMENTATION_COMMENTS = YES;
				CLANG_WARN_EMPTY_BODY = YES;
				CLANG_WARN_ENUM_CONVERSION = YES;
				CLANG_WARN_INFINITE_RECURSION = YES;
				CLANG_WARN_INT_CONVERSION = YES;
				CLANG_WARN_OBJC_ROOT_CLASS = YES_ERROR;
				CLANG_WARN_SUSPICIOUS_MOVE = YES;
				CLANG_WARN_UNREACHABLE_CODE = YES;
				CLANG_WARN__DUPLICATE_METHOD_MATCH = YES;
				CODE_SIGN_IDENTITY = "-";
				COPY_PHASE_STRIP = NO;
				DEBUG_INFORMATION_FORMAT = "dwarf-with-dsym";
				ENABLE_NS_ASSERTIONS = NO;
				ENABLE_STRICT_OBJC_MSGSEND = YES;
				GCC_C_LANGUAGE_STANDARD = gnu99;
				GCC_NO_COMMON_BLOCKS = YES;
				GCC_WARN_64_TO_32_BIT_CONVERSION = YES;
				GCC_WARN_ABOUT_RETURN_TYPE = YES_ERROR;
				GCC_WARN_UNDECLARED_SELECTOR = YES;
				GCC_WARN_UNINITIALIZED_AUTOS = YES_AGGRESSIVE;
				GCC_WARN_UNUSED_FUNCTION = YES;
				GCC_WARN_UNUSED_VARIABLE = YES;
				MACOSX_DEPLOYMENT_TARGET = 10.12;
				MTL_ENABLE_DEBUG_INFO = NO;
				SDKROOT = macosx;
			};
			name = Release;
		};
		72A0B33B203F2F2200D16FAB /* Debug */ = {
			isa = XCBuildConfiguration;
			buildSettings = {
				HEADER_SEARCH_PATHS = /usr/local/Cellar/opencv/3.4.0_1/include;
				LIBRARY_SEARCH_PATHS = /usr/local/Cellar/opencv/3.4.0_1/lib;
				OTHER_LDFLAGS = (
					"-lopencv_calib3d",
					"-lopencv_core",
					"-lopencv_features2d",
					"-lopencv_flann",
					"-lopencv_highgui",
					"-lopencv_imgcodecs",
					"-lopencv_imgproc",
					"-lopencv_ml",
					"-lopencv_objdetect",
					"-lopencv_photo",
					"-lopencv_shape",
					"-lopencv_stitching",
					"-lopencv_superres",
					"-lopencv_video",
					"-lopencv_videoio",
					"-lopencv_videostab",
				);
				PRODUCT_NAME = "$(TARGET_NAME)";
			};
			name = Debug;
		};
		72A0B33C203F2F2200D16FAB /* Release */ = {
			isa = XCBuildConfiguration;
			buildSettings = {
				HEADER_SEARCH_PATHS = /usr/local/Cellar/opencv/3.4.0_1/include;
				LIBRARY_SEARCH_PATHS = /usr/local/Cellar/opencv/3.4.0_1/lib;
				OTHER_LDFLAGS = (
					"-lopencv_calib3d",
					"-lopencv_core",
					"-lopencv_features2d",
					"-lopencv_flann",
					"-lopencv_highgui",
					"-lopencv_imgcodecs",
					"-lopencv_imgproc",
					"-lopencv_ml",
					"-lopencv_objdetect",
					"-lopencv_photo",
					"-lopencv_shape",
					"-lopencv_stitching",
					"-lopencv_superres",
					"-lopencv_video",
					"-lopencv_videoio",
					"-lopencv_videostab",
				);
				PRODUCT_NAME = "$(TARGET_NAME)";
			};
			name = Release;
		};
/* End XCBuildConfiguration section */

/* Begin XCConfigurationList section */
		72A0B32E203F2F2200D16FAB /* Build configuration list for PBXProject "Motion Tracking" */ = {
			isa = XCConfigurationList;
			buildConfigurations = (
				72A0B338203F2F2200D16FAB /* Debug */,
				72A0B339203F2F2200D16FAB /* Release */,
			);
			defaultConfigurationIsVisible = 0;
			defaultConfigurationName = Release;
		};
		72A0B33A203F2F2200D16FAB /* Build configuration list for PBXNativeTarget "Motion Tracking" */ = {
			isa = XCConfigurationList;
			buildConfigurations = (
				72A0B33B203F2F2200D16FAB /* Debug */,
				72A0B33C203F2F2200D16FAB /* Release */,
			);
			defaultConfigurationIsVisible = 0;
			defaultConfigurationName = Release;
		};
/* End XCConfigurationList section */
	};
	rootObject = 72A0B32B203F2F2200D16FAB /* Project object */;
}
